
Microsoft Visual Studio Solution File, Format Version 12.00
# Visual Studio Version 17
VisualStudioVersion = 17.2.32526.322
MinimumVisualStudioVersion = 10.0.40219.1
Project("{9A19103F-16F7-4668-BE54-9A1E7A4F7556}") = "eventsApp", "eventsApp.csproj", "{C916219D-BD63-4A92-A99C-5533B2C0994A}"
EndProject
Project("{9A19103F-16F7-4668-BE54-9A1E7A4F7556}") = "eventsApp.Services", "..\eventsApp.Services\eventsApp.Services.csproj", "{5F3C42A6-2397-4D3D-A620-2AE706455DD4}"
	ProjectSection(ProjectDependencies) = postProject
		{B0914B7B-53EC-4142-B96B-F7D180A524F2} = {B0914B7B-53EC-4142-B96B-F7D180A524F2}
	EndProjectSection
EndProject
Project("{9A19103F-16F7-4668-BE54-9A1E7A4F7556}") = "eventsApp.Model", "..\eventsApp.Model\eventsApp.Model.csproj", "{B0914B7B-53EC-4142-B96B-F7D180A524F2}"
EndProject
Project("{9A19103F-16F7-4668-BE54-9A1E7A4F7556}") = "eventsApp.Subscriber", "..\eventsApp.Subscriber\eventsApp.Subscriber.csproj", "{F2900A82-1AAD-44C8-ACE3-0687E00D4D62}"
EndProject
Project("{2150E333-8FDC-42A3-9474-1A3956D46DE8}") = "Solution Items", "Solution Items", "{29AE59AE-EB20-44DD-A0FC-8A591351C5A1}"
	ProjectSection(SolutionItems) = preProject
		..\Dockerfile = ..\Dockerfile
		Dockerfile.txt = Dockerfile.txt
	EndProjectSection
EndProject
Global
	GlobalSection(SolutionConfigurationPlatforms) = preSolution
		Debug|Any CPU = Debug|Any CPU
		Release|Any CPU = Release|Any CPU
	EndGlobalSection
	GlobalSection(ProjectConfigurationPlatforms) = postSolution
		{C916219D-BD63-4A92-A99C-5533B2C0994A}.Debug|Any CPU.ActiveCfg = Debug|Any CPU
		{C916219D-BD63-4A92-A99C-5533B2C0994A}.Debug|Any CPU.Build.0 = Debug|Any CPU
		{C916219D-BD63-4A92-A99C-5533B2C0994A}.Release|Any CPU.ActiveCfg = Release|Any CPU
		{C916219D-BD63-4A92-A99C-5533B2C0994A}.Release|Any CPU.Build.0 = Release|Any CPU
		{5F3C42A6-2397-4D3D-A620-2AE706455DD4}.Debug|Any CPU.ActiveCfg = Debug|Any CPU
		{5F3C42A6-2397-4D3D-A620-2AE706455DD4}.Debug|Any CPU.Build.0 = Debug|Any CPU
		{5F3C42A6-2397-4D3D-A620-2AE706455DD4}.Release|Any CPU.ActiveCfg = Release|Any CPU
		{5F3C42A6-2397-4D3D-A620-2AE706455DD4}.Release|Any CPU.Build.0 = Release|Any CPU
		{B0914B7B-53EC-4142-B96B-F7D180A524F2}.Debug|Any CPU.ActiveCfg = Debug|Any CPU
		{B0914B7B-53EC-4142-B96B-F7D180A524F2}.Debug|Any CPU.Build.0 = Debug|Any CPU
		{B0914B7B-53EC-4142-B96B-F7D180A524F2}.Release|Any CPU.ActiveCfg = Release|Any CPU
		{B0914B7B-53EC-4142-B96B-F7D180A524F2}.Release|Any CPU.Build.0 = Release|Any CPU
		{F2900A82-1AAD-44C8-ACE3-0687E00D4D62}.Debug|Any CPU.ActiveCfg = Debug|Any CPU
		{F2900A82-1AAD-44C8-ACE3-0687E00D4D62}.Debug|Any CPU.Build.0 = Debug|Any CPU
		{F2900A82-1AAD-44C8-ACE3-0687E00D4D62}.Release|Any CPU.ActiveCfg = Release|Any CPU
		{F2900A82-1AAD-44C8-ACE3-0687E00D4D62}.Release|Any CPU.Build.0 = Release|Any CPU
	EndGlobalSection
	GlobalSection(SolutionProperties) = preSolution
		HideSolutionNode = FALSE
	EndGlobalSection
	GlobalSection(ExtensibilityGlobals) = postSolution
		SolutionGuid = {9B40D595-3612-4DDE-B232-C0CC5CE2139B}
	EndGlobalSection
EndGlobal
